
Microsoft Visual Studio Solution File, Format Version 12.00
# Visual Studio Version 17
VisualStudioVersion = 17.9.34728.123
MinimumVisualStudioVersion = 10.0.40219.1
Project("{FAE04EC0-301F-11D3-BF4B-00C04F79EFBC}") = "Assignment2FInal", "Assignment2FInal.csproj", "{A7A78F41-60BB-4149-AA05-9FBD29EA5E46}"
EndProject
Global
	GlobalSection(SolutionConfigurationPlatforms) = preSolution
		Debug|Any CPU = Debug|Any CPU
		Release|Any CPU = Release|Any CPU
	EndGlobalSection
	GlobalSection(ProjectConfigurationPlatforms) = postSolution
		{A7A78F41-60BB-4149-AA05-9FBD29EA5E46}.Debug|Any CPU.ActiveCfg = Debug|Any CPU
		{A7A78F41-60BB-4149-AA05-9FBD29EA5E46}.Debug|Any CPU.Build.0 = Debug|Any CPU
		{A7A78F41-60BB-4149-AA05-9FBD29EA5E46}.Release|Any CPU.ActiveCfg = Release|Any CPU
		{A7A78F41-60BB-4149-AA05-9FBD29EA5E46}.Release|Any CPU.Build.0 = Release|Any CPU
	EndGlobalSection
	GlobalSection(SolutionProperties) = preSolution
		HideSolutionNode = FALSE
	EndGlobalSection
	GlobalSection(ExtensibilityGlobals) = postSolution
		SolutionGuid = {773F2FEB-8E7E-4DD3-A001-6F1F7DD577C0}
	EndGlobalSection
EndGlobal
